{
  "name": "quaoar-web",
  "version": "0.1.0",
  "lockfileVersion": 3,
  "requires": true,
  "packages": {
    "": {
      "name": "quaoar-web",
      "version": "0.1.0",
      "dependencies": {
        "@fontsource-variable/fraunces": "5.1.0",
        "@fontsource/geist-mono": "5.1.0",
        "@fontsource/geist-sans": "5.1.0"
      },
      "devDependencies": {
        "typescript": "5.6.3"
      }
    },
    "node_modules/@fontsource-variable/fraunces": {
      "version": "5.1.0",
      "resolved": "https://registry.npmjs.org/@fontsource-variable/fraunces/-/fraunces-5.1.0.tgz",
      "integrity": "sha512-nuTQUrBaKBJB7+qaSIauPdhzqCWwI7w64nJj822m+RpPpC7PXh0bU3PGXCgSnHunix/lk9uJa6i6znzFtmWg+g=="
    },
    "node_modules/@fontsource/geist-mono": {
      "version": "5.1.0",
      "resolved": "https://registry.npmjs.org/@fontsource/geist-mono/-/geist-mono-5.1.0.tgz",
      "integrity": "sha512-MDFgmKUdDbV357vD2bOZAro597Nd2md01GAdr3GSZteCJQdPT/UhHUBCAxl9KUiH03aMPFM9Rx7x8/EtrJmpKg=="
    },
    "node_modules/@fontsource/geist-sans": {
      "version": "5.1.0",
      "resolved": "https://registry.npmjs.org/@fontsource/geist-sans/-/geist-sans-5.1.0.tgz",
      "integrity": "sha512-4AI/UxIcZiYgK6/cTo4R9oM4VHHLcFdHVv7m2+M42VyY16hhKJADrGe4HPjTxvolmce2IZX/jc6sFJ+GkLB64w=="
    },
    "node_modules/typescript": {
      "version": "5.6.3",
      "resolved": "https://registry.npmjs.org/typescript/-/typescript-5.6.3.tgz",
      "integrity": "sha512-hjcS1mhfuyi4WW8IWtjP7brDrG2cuDZukyrYrSauoXGNgx0S7zceP07adYkJycEr56BOUTNPzbInooiN3fn1qw==",
      "dev": true,
      "bin": {
        "tsc": "bin/tsc",
        "tsserver": "bin/tsserver"
      },
      "engines": {
        "node": ">=14.17"
      }
    }
  }
}
