{
  "name": "quaoar-web",
  "version": "0.1.0",
  "lockfileVersion": 3,
  "requires": true,
  "packages": {
    "": {
      "name": "quaoar-web",
      "version": "0.1.0",
      "dependencies": {
        "@fontsource/bodoni-moda": "5.1.0",
        "@fontsource/geist-mono": "5.1.0",
        "@fontsource/manrope": "5.1.0"
      },
      "devDependencies": {
        "typescript": "5.6.3"
      }
    },
    "node_modules/@fontsource/bodoni-moda": {
      "version": "5.1.0",
      "resolved": "https://registry.npmjs.org/@fontsource/bodoni-moda/-/bodoni-moda-5.1.0.tgz",
      "integrity": "sha512-u2bHX1q/nkp4mQiVNy84gfrv+nKWnjTx6Ow3OiNJyD2uWxJ8wtgzvWHn3GpHLFsLf6Q7Ek+9lhi7lEORvbUxQA=="
    },
    "node_modules/@fontsource/geist-mono": {
      "version": "5.1.0",
      "resolved": "https://registry.npmjs.org/@fontsource/geist-mono/-/geist-mono-5.1.0.tgz",
      "integrity": "sha512-MDFgmKUdDbV357vD2bOZAro597Nd2md01GAdr3GSZteCJQdPT/UhHUBCAxl9KUiH03aMPFM9Rx7x8/EtrJmpKg=="
    },
    "node_modules/@fontsource/manrope": {
      "version": "5.1.0",
      "resolved": "https://registry.npmjs.org/@fontsource/manrope/-/manrope-5.1.0.tgz",
      "integrity": "sha512-q3Va+3ymeE1n9mHSkp9fCqcFGX0q59Nn94WOjuPYaSYa1szt8qlaGbBQH0w9e1+PcPD8jf4JUIz3/KjWM6wcCw=="
    },
    "node_modules/typescript": {
      "version": "5.6.3",
      "resolved": "https://registry.npmjs.org/typescript/-/typescript-5.6.3.tgz",
      "integrity": "sha512-hjcS1mhfuyi4WW8IWtjP7brDrG2cuDZukyrYrSauoXGNgx0S7zceP07adYkJycEr56BOUTNPzbInooiN3fn1qw==",
      "dev": true,
      "bin": {
        "tsc": "bin/tsc",
        "tsserver": "bin/tsserver"
      },
      "engines": {
        "node": ">=14.17"
      }
    }
  }
}
